
Microsoft Visual Studio Solution File, Format Version 12.00
# Visual Studio Version 16
VisualStudioVersion = 16.0.31410.357
MinimumVisualStudioVersion = 10.0.40219.1
Project("{FAE04EC0-301F-11D3-BF4B-00C04F79EFBC}") = "Bank", "Bank.csproj", "{EBC8C6B2-FD59-4B9D-8768-E95F668BB84A}"
EndProject
Global
	GlobalSection(SolutionConfigurationPlatforms) = preSolution
		Debug|Any CPU = Debug|Any CPU
		Release|Any CPU = Release|Any CPU
	EndGlobalSection
	GlobalSection(ProjectConfigurationPlatforms) = postSolution
		{EBC8C6B2-FD59-4B9D-8768-E95F668BB84A}.Debug|Any CPU.ActiveCfg = Debug|Any CPU
		{EBC8C6B2-FD59-4B9D-8768-E95F668BB84A}.Debug|Any CPU.Build.0 = Debug|Any CPU
		{EBC8C6B2-FD59-4B9D-8768-E95F668BB84A}.Release|Any CPU.ActiveCfg = Release|Any CPU
		{EBC8C6B2-FD59-4B9D-8768-E95F668BB84A}.Release|Any CPU.Build.0 = Release|Any CPU
	EndGlobalSection
	GlobalSection(SolutionProperties) = preSolution
		HideSolutionNode = FALSE
	EndGlobalSection
	GlobalSection(ExtensibilityGlobals) = postSolution
		SolutionGuid = {50F5375F-7100-4057-9905-10DA1E9759D7}
	EndGlobalSection
EndGlobal
